
Microsoft Visual Studio Solution File, Format Version 12.00
# Visual Studio 15
VisualStudioVersion = 15.0.27130.2036
MinimumVisualStudioVersion = 10.0.40219.1
Project("{FAE04EC0-301F-11D3-BF4B-00C04F79EFBC}") = "FindPrimesWithMultipleThreads", "FindPrimesWithMultipleThreads\FindPrimesWithMultipleThreads.csproj", "{57FE58C2-486C-43C3-8A2B-2DFF1FA1C6DB}"
EndProject
Project("{2150E333-8FDC-42A3-9474-1A3956D46DE8}") = "Solution Items", "Solution Items", "{69E47ABA-229F-40D0-86D2-0599ACDFA82C}"
	ProjectSection(SolutionItems) = preProject
		.gitattributes = .gitattributes
		.gitignore = .gitignore
		CSharpCodingStandards.pdf = CSharpCodingStandards.pdf
		README.md = README.md
	EndProjectSection
EndProject
Project("{FAE04EC0-301F-11D3-BF4B-00C04F79EFBC}") = "WcfServiceLibrary", "WcfServiceLibrary\WcfServiceLibrary.csproj", "{1D56E77F-9A68-4902-A760-2B559E99C84A}"
EndProject
Project("{FAE04EC0-301F-11D3-BF4B-00C04F79EFBC}") = "WCFClient", "WCFClient\WCFClient.csproj", "{784318A0-FEEE-4F05-BB4F-F0AF17B9A550}"
	ProjectSection(ProjectDependencies) = postProject
		{1D56E77F-9A68-4902-A760-2B559E99C84A} = {1D56E77F-9A68-4902-A760-2B559E99C84A}
	EndProjectSection
EndProject
Project("{FAE04EC0-301F-11D3-BF4B-00C04F79EFBC}") = "WebService", "WebService\WebService.csproj", "{CB82532D-73A4-40B7-84E0-0834CA8264E2}"
EndProject
Project("{FAE04EC0-301F-11D3-BF4B-00C04F79EFBC}") = "TCPServer", "TCPServer\TCPServer.csproj", "{6E859A20-AA5C-4F60-892E-361034B8FD92}"
EndProject
Project("{FAE04EC0-301F-11D3-BF4B-00C04F79EFBC}") = "TCPClient", "TCPClient\TCPClient.csproj", "{772AB736-A901-4508-B80F-1719C6B7FC9D}"
EndProject
Project("{FAE04EC0-301F-11D3-BF4B-00C04F79EFBC}") = "TcpTLSServer", "TcpTLSServer\TcpTLSServer.csproj", "{8F4ADA9F-FD5F-4DE8-9907-A1F2D132C1AC}"
EndProject
Project("{FAE04EC0-301F-11D3-BF4B-00C04F79EFBC}") = "TcpTLSClient", "TcpTLSClient\TcpTLSClient.csproj", "{3BA77CF1-05F1-41D6-BB23-1D79A0AC6FFF}"
EndProject
Project("{FAE04EC0-301F-11D3-BF4B-00C04F79EFBC}") = "UDPServer", "UDPServer\UDPServer.csproj", "{C71CCBE4-E59B-44DB-B904-BDEB507E1427}"
EndProject
Project("{FAE04EC0-301F-11D3-BF4B-00C04F79EFBC}") = "UDPClient", "UDPClient\UDPClient.csproj", "{92291E19-19CF-4649-B053-61A75FD1937A}"
EndProject
Project("{9092AA53-FB77-4645-B42D-1CCCA6BD08BD}") = "NodejsServer", "NodejsServer\NodejsServer.njsproj", "{A6325DD1-1DA9-40C5-A671-58DA309EEDD6}"
EndProject
Project("{FAE04EC0-301F-11D3-BF4B-00C04F79EFBC}") = "UnitTest", "UnitTest\UnitTest.csproj", "{90A9EFA6-1D30-46AC-9375-FA59FD18099B}"
EndProject
Project("{9092AA53-FB77-4645-B42D-1CCCA6BD08BD}") = "NodejsClient", "NodejsClient\NodejsClient.njsproj", "{CCDD7B79-9BF1-4F3B-B21E-B422D1E894FA}"
EndProject
Global
	GlobalSection(SolutionConfigurationPlatforms) = preSolution
		Debug|Any CPU = Debug|Any CPU
		Debug|ARM = Debug|ARM
		Debug|x64 = Debug|x64
		Debug|x86 = Debug|x86
		Release|Any CPU = Release|Any CPU
		Release|ARM = Release|ARM
		Release|x64 = Release|x64
		Release|x86 = Release|x86
	EndGlobalSection
	GlobalSection(ProjectConfigurationPlatforms) = postSolution
		{57FE58C2-486C-43C3-8A2B-2DFF1FA1C6DB}.Debug|Any CPU.ActiveCfg = Debug|Any CPU
		{57FE58C2-486C-43C3-8A2B-2DFF1FA1C6DB}.Debug|Any CPU.Build.0 = Debug|Any CPU
		{57FE58C2-486C-43C3-8A2B-2DFF1FA1C6DB}.Debug|ARM.ActiveCfg = Debug|Any CPU
		{57FE58C2-486C-43C3-8A2B-2DFF1FA1C6DB}.Debug|ARM.Build.0 = Debug|Any CPU
		{57FE58C2-486C-43C3-8A2B-2DFF1FA1C6DB}.Debug|x64.ActiveCfg = Debug|Any CPU
		{57FE58C2-486C-43C3-8A2B-2DFF1FA1C6DB}.Debug|x64.Build.0 = Debug|Any CPU
		{57FE58C2-486C-43C3-8A2B-2DFF1FA1C6DB}.Debug|x86.ActiveCfg = Debug|Any CPU
		{57FE58C2-486C-43C3-8A2B-2DFF1FA1C6DB}.Debug|x86.Build.0 = Debug|Any CPU
		{57FE58C2-486C-43C3-8A2B-2DFF1FA1C6DB}.Release|Any CPU.ActiveCfg = Release|Any CPU
		{57FE58C2-486C-43C3-8A2B-2DFF1FA1C6DB}.Release|Any CPU.Build.0 = Release|Any CPU
		{57FE58C2-486C-43C3-8A2B-2DFF1FA1C6DB}.Release|ARM.ActiveCfg = Release|Any CPU
		{57FE58C2-486C-43C3-8A2B-2DFF1FA1C6DB}.Release|ARM.Build.0 = Release|Any CPU
		{57FE58C2-486C-43C3-8A2B-2DFF1FA1C6DB}.Release|x64.ActiveCfg = Release|Any CPU
		{57FE58C2-486C-43C3-8A2B-2DFF1FA1C6DB}.Release|x64.Build.0 = Release|Any CPU
		{57FE58C2-486C-43C3-8A2B-2DFF1FA1C6DB}.Release|x86.ActiveCfg = Release|Any CPU
		{57FE58C2-486C-43C3-8A2B-2DFF1FA1C6DB}.Release|x86.Build.0 = Release|Any CPU
		{1D56E77F-9A68-4902-A760-2B559E99C84A}.Debug|Any CPU.ActiveCfg = Debug|Any CPU
		{1D56E77F-9A68-4902-A760-2B559E99C84A}.Debug|Any CPU.Build.0 = Debug|Any CPU
		{1D56E77F-9A68-4902-A760-2B559E99C84A}.Debug|ARM.ActiveCfg = Debug|Any CPU
		{1D56E77F-9A68-4902-A760-2B559E99C84A}.Debug|ARM.Build.0 = Debug|Any CPU
		{1D56E77F-9A68-4902-A760-2B559E99C84A}.Debug|x64.ActiveCfg = Debug|Any CPU
		{1D56E77F-9A68-4902-A760-2B559E99C84A}.Debug|x64.Build.0 = Debug|Any CPU
		{1D56E77F-9A68-4902-A760-2B559E99C84A}.Debug|x86.ActiveCfg = Debug|Any CPU
		{1D56E77F-9A68-4902-A760-2B559E99C84A}.Debug|x86.Build.0 = Debug|Any CPU
		{1D56E77F-9A68-4902-A760-2B559E99C84A}.Release|Any CPU.ActiveCfg = Release|Any CPU
		{1D56E77F-9A68-4902-A760-2B559E99C84A}.Release|Any CPU.Build.0 = Release|Any CPU
		{1D56E77F-9A68-4902-A760-2B559E99C84A}.Release|ARM.ActiveCfg = Release|Any CPU
		{1D56E77F-9A68-4902-A760-2B559E99C84A}.Release|ARM.Build.0 = Release|Any CPU
		{1D56E77F-9A68-4902-A760-2B559E99C84A}.Release|x64.ActiveCfg = Release|Any CPU
		{1D56E77F-9A68-4902-A760-2B559E99C84A}.Release|x64.Build.0 = Release|Any CPU
		{1D56E77F-9A68-4902-A760-2B559E99C84A}.Release|x86.ActiveCfg = Release|Any CPU
		{1D56E77F-9A68-4902-A760-2B559E99C84A}.Release|x86.Build.0 = Release|Any CPU
		{784318A0-FEEE-4F05-BB4F-F0AF17B9A550}.Debug|Any CPU.ActiveCfg = Debug|Any CPU
		{784318A0-FEEE-4F05-BB4F-F0AF17B9A550}.Debug|Any CPU.Build.0 = Debug|Any CPU
		{784318A0-FEEE-4F05-BB4F-F0AF17B9A550}.Debug|ARM.ActiveCfg = Debug|Any CPU
		{784318A0-FEEE-4F05-BB4F-F0AF17B9A550}.Debug|ARM.Build.0 = Debug|Any CPU
		{784318A0-FEEE-4F05-BB4F-F0AF17B9A550}.Debug|x64.ActiveCfg = Debug|Any CPU
		{784318A0-FEEE-4F05-BB4F-F0AF17B9A550}.Debug|x64.Build.0 = Debug|Any CPU
		{784318A0-FEEE-4F05-BB4F-F0AF17B9A550}.Debug|x86.ActiveCfg = Debug|Any CPU
		{784318A0-FEEE-4F05-BB4F-F0AF17B9A550}.Debug|x86.Build.0 = Debug|Any CPU
		{784318A0-FEEE-4F05-BB4F-F0AF17B9A550}.Release|Any CPU.ActiveCfg = Release|Any CPU
		{784318A0-FEEE-4F05-BB4F-F0AF17B9A550}.Release|Any CPU.Build.0 = Release|Any CPU
		{784318A0-FEEE-4F05-BB4F-F0AF17B9A550}.Release|ARM.ActiveCfg = Release|Any CPU
		{784318A0-FEEE-4F05-BB4F-F0AF17B9A550}.Release|ARM.Build.0 = Release|Any CPU
		{784318A0-FEEE-4F05-BB4F-F0AF17B9A550}.Release|x64.ActiveCfg = Release|Any CPU
		{784318A0-FEEE-4F05-BB4F-F0AF17B9A550}.Release|x64.Build.0 = Release|Any CPU
		{784318A0-FEEE-4F05-BB4F-F0AF17B9A550}.Release|x86.ActiveCfg = Release|Any CPU
		{784318A0-FEEE-4F05-BB4F-F0AF17B9A550}.Release|x86.Build.0 = Release|Any CPU
		{CB82532D-73A4-40B7-84E0-0834CA8264E2}.Debug|Any CPU.ActiveCfg = Debug|Any CPU
		{CB82532D-73A4-40B7-84E0-0834CA8264E2}.Debug|Any CPU.Build.0 = Debug|Any CPU
		{CB82532D-73A4-40B7-84E0-0834CA8264E2}.Debug|ARM.ActiveCfg = Debug|Any CPU
		{CB82532D-73A4-40B7-84E0-0834CA8264E2}.Debug|ARM.Build.0 = Debug|Any CPU
		{CB82532D-73A4-40B7-84E0-0834CA8264E2}.Debug|x64.ActiveCfg = Debug|Any CPU
		{CB82532D-73A4-40B7-84E0-0834CA8264E2}.Debug|x64.Build.0 = Debug|Any CPU
		{CB82532D-73A4-40B7-84E0-0834CA8264E2}.Debug|x86.ActiveCfg = Debug|Any CPU
		{CB82532D-73A4-40B7-84E0-0834CA8264E2}.Debug|x86.Build.0 = Debug|Any CPU
		{CB82532D-73A4-40B7-84E0-0834CA8264E2}.Release|Any CPU.ActiveCfg = Release|Any CPU
		{CB82532D-73A4-40B7-84E0-0834CA8264E2}.Release|Any CPU.Build.0 = Release|Any CPU
		{CB82532D-73A4-40B7-84E0-0834CA8264E2}.Release|ARM.ActiveCfg = Release|Any CPU
		{CB82532D-73A4-40B7-84E0-0834CA8264E2}.Release|ARM.Build.0 = Release|Any CPU
		{CB82532D-73A4-40B7-84E0-0834CA8264E2}.Release|x64.ActiveCfg = Release|Any CPU
		{CB82532D-73A4-40B7-84E0-0834CA8264E2}.Release|x64.Build.0 = Release|Any CPU
		{CB82532D-73A4-40B7-84E0-0834CA8264E2}.Release|x86.ActiveCfg = Release|Any CPU
		{CB82532D-73A4-40B7-84E0-0834CA8264E2}.Release|x86.Build.0 = Release|Any CPU
		{6E859A20-AA5C-4F60-892E-361034B8FD92}.Debug|Any CPU.ActiveCfg = Debug|Any CPU
		{6E859A20-AA5C-4F60-892E-361034B8FD92}.Debug|Any CPU.Build.0 = Debug|Any CPU
		{6E859A20-AA5C-4F60-892E-361034B8FD92}.Debug|ARM.ActiveCfg = Debug|Any CPU
		{6E859A20-AA5C-4F60-892E-361034B8FD92}.Debug|ARM.Build.0 = Debug|Any CPU
		{6E859A20-AA5C-4F60-892E-361034B8FD92}.Debug|x64.ActiveCfg = Debug|Any CPU
		{6E859A20-AA5C-4F60-892E-361034B8FD92}.Debug|x64.Build.0 = Debug|Any CPU
		{6E859A20-AA5C-4F60-892E-361034B8FD92}.Debug|x86.ActiveCfg = Debug|Any CPU
		{6E859A20-AA5C-4F60-892E-361034B8FD92}.Debug|x86.Build.0 = Debug|Any CPU
		{6E859A20-AA5C-4F60-892E-361034B8FD92}.Release|Any CPU.ActiveCfg = Release|Any CPU
		{6E859A20-AA5C-4F60-892E-361034B8FD92}.Release|Any CPU.Build.0 = Release|Any CPU
		{6E859A20-AA5C-4F60-892E-361034B8FD92}.Release|ARM.ActiveCfg = Release|Any CPU
		{6E859A20-AA5C-4F60-892E-361034B8FD92}.Release|ARM.Build.0 = Release|Any CPU
		{6E859A20-AA5C-4F60-892E-361034B8FD92}.Release|x64.ActiveCfg = Release|Any CPU
		{6E859A20-AA5C-4F60-892E-361034B8FD92}.Release|x64.Build.0 = Release|Any CPU
		{6E859A20-AA5C-4F60-892E-361034B8FD92}.Release|x86.ActiveCfg = Release|Any CPU
		{6E859A20-AA5C-4F60-892E-361034B8FD92}.Release|x86.Build.0 = Release|Any CPU
		{772AB736-A901-4508-B80F-1719C6B7FC9D}.Debug|Any CPU.ActiveCfg = Debug|Any CPU
		{772AB736-A901-4508-B80F-1719C6B7FC9D}.Debug|Any CPU.Build.0 = Debug|Any CPU
		{772AB736-A901-4508-B80F-1719C6B7FC9D}.Debug|ARM.ActiveCfg = Debug|Any CPU
		{772AB736-A901-4508-B80F-1719C6B7FC9D}.Debug|ARM.Build.0 = Debug|Any CPU
		{772AB736-A901-4508-B80F-1719C6B7FC9D}.Debug|x64.ActiveCfg = Debug|Any CPU
		{772AB736-A901-4508-B80F-1719C6B7FC9D}.Debug|x64.Build.0 = Debug|Any CPU
		{772AB736-A901-4508-B80F-1719C6B7FC9D}.Debug|x86.ActiveCfg = Debug|Any CPU
		{772AB736-A901-4508-B80F-1719C6B7FC9D}.Debug|x86.Build.0 = Debug|Any CPU
		{772AB736-A901-4508-B80F-1719C6B7FC9D}.Release|Any CPU.ActiveCfg = Release|Any CPU
		{772AB736-A901-4508-B80F-1719C6B7FC9D}.Release|Any CPU.Build.0 = Release|Any CPU
		{772AB736-A901-4508-B80F-1719C6B7FC9D}.Release|ARM.ActiveCfg = Release|Any CPU
		{772AB736-A901-4508-B80F-1719C6B7FC9D}.Release|ARM.Build.0 = Release|Any CPU
		{772AB736-A901-4508-B80F-1719C6B7FC9D}.Release|x64.ActiveCfg = Release|Any CPU
		{772AB736-A901-4508-B80F-1719C6B7FC9D}.Release|x64.Build.0 = Release|Any CPU
		{772AB736-A901-4508-B80F-1719C6B7FC9D}.Release|x86.ActiveCfg = Release|Any CPU
		{772AB736-A901-4508-B80F-1719C6B7FC9D}.Release|x86.Build.0 = Release|Any CPU
		{8F4ADA9F-FD5F-4DE8-9907-A1F2D132C1AC}.Debug|Any CPU.ActiveCfg = Debug|Any CPU
		{8F4ADA9F-FD5F-4DE8-9907-A1F2D132C1AC}.Debug|Any CPU.Build.0 = Debug|Any CPU
		{8F4ADA9F-FD5F-4DE8-9907-A1F2D132C1AC}.Debug|ARM.ActiveCfg = Debug|Any CPU
		{8F4ADA9F-FD5F-4DE8-9907-A1F2D132C1AC}.Debug|ARM.Build.0 = Debug|Any CPU
		{8F4ADA9F-FD5F-4DE8-9907-A1F2D132C1AC}.Debug|x64.ActiveCfg = Debug|Any CPU
		{8F4ADA9F-FD5F-4DE8-9907-A1F2D132C1AC}.Debug|x64.Build.0 = Debug|Any CPU
		{8F4ADA9F-FD5F-4DE8-9907-A1F2D132C1AC}.Debug|x86.ActiveCfg = Debug|Any CPU
		{8F4ADA9F-FD5F-4DE8-9907-A1F2D132C1AC}.Debug|x86.Build.0 = Debug|Any CPU
		{8F4ADA9F-FD5F-4DE8-9907-A1F2D132C1AC}.Release|Any CPU.ActiveCfg = Release|Any CPU
		{8F4ADA9F-FD5F-4DE8-9907-A1F2D132C1AC}.Release|Any CPU.Build.0 = Release|Any CPU
		{8F4ADA9F-FD5F-4DE8-9907-A1F2D132C1AC}.Release|ARM.ActiveCfg = Release|Any CPU
		{8F4ADA9F-FD5F-4DE8-9907-A1F2D132C1AC}.Release|ARM.Build.0 = Release|Any CPU
		{8F4ADA9F-FD5F-4DE8-9907-A1F2D132C1AC}.Release|x64.ActiveCfg = Release|Any CPU
		{8F4ADA9F-FD5F-4DE8-9907-A1F2D132C1AC}.Release|x64.Build.0 = Release|Any CPU
		{8F4ADA9F-FD5F-4DE8-9907-A1F2D132C1AC}.Release|x86.ActiveCfg = Release|Any CPU
		{8F4ADA9F-FD5F-4DE8-9907-A1F2D132C1AC}.Release|x86.Build.0 = Release|Any CPU
		{3BA77CF1-05F1-41D6-BB23-1D79A0AC6FFF}.Debug|Any CPU.ActiveCfg = Debug|Any CPU
		{3BA77CF1-05F1-41D6-BB23-1D79A0AC6FFF}.Debug|Any CPU.Build.0 = Debug|Any CPU
		{3BA77CF1-05F1-41D6-BB23-1D79A0AC6FFF}.Debug|ARM.ActiveCfg = Debug|Any CPU
		{3BA77CF1-05F1-41D6-BB23-1D79A0AC6FFF}.Debug|ARM.Build.0 = Debug|Any CPU
		{3BA77CF1-05F1-41D6-BB23-1D79A0AC6FFF}.Debug|x64.ActiveCfg = Debug|Any CPU
		{3BA77CF1-05F1-41D6-BB23-1D79A0AC6FFF}.Debug|x64.Build.0 = Debug|Any CPU
		{3BA77CF1-05F1-41D6-BB23-1D79A0AC6FFF}.Debug|x86.ActiveCfg = Debug|Any CPU
		{3BA77CF1-05F1-41D6-BB23-1D79A0AC6FFF}.Debug|x86.Build.0 = Debug|Any CPU
		{3BA77CF1-05F1-41D6-BB23-1D79A0AC6FFF}.Release|Any CPU.ActiveCfg = Release|Any CPU
		{3BA77CF1-05F1-41D6-BB23-1D79A0AC6FFF}.Release|Any CPU.Build.0 = Release|Any CPU
		{3BA77CF1-05F1-41D6-BB23-1D79A0AC6FFF}.Release|ARM.ActiveCfg = Release|Any CPU
		{3BA77CF1-05F1-41D6-BB23-1D79A0AC6FFF}.Release|ARM.Build.0 = Release|Any CPU
		{3BA77CF1-05F1-41D6-BB23-1D79A0AC6FFF}.Release|x64.ActiveCfg = Release|Any CPU
		{3BA77CF1-05F1-41D6-BB23-1D79A0AC6FFF}.Release|x64.Build.0 = Release|Any CPU
		{3BA77CF1-05F1-41D6-BB23-1D79A0AC6FFF}.Release|x86.ActiveCfg = Release|Any CPU
		{3BA77CF1-05F1-41D6-BB23-1D79A0AC6FFF}.Release|x86.Build.0 = Release|Any CPU
		{C71CCBE4-E59B-44DB-B904-BDEB507E1427}.Debug|Any CPU.ActiveCfg = Debug|Any CPU
		{C71CCBE4-E59B-44DB-B904-BDEB507E1427}.Debug|Any CPU.Build.0 = Debug|Any CPU
		{C71CCBE4-E59B-44DB-B904-BDEB507E1427}.Debug|ARM.ActiveCfg = Debug|Any CPU
		{C71CCBE4-E59B-44DB-B904-BDEB507E1427}.Debug|ARM.Build.0 = Debug|Any CPU
		{C71CCBE4-E59B-44DB-B904-BDEB507E1427}.Debug|x64.ActiveCfg = Debug|Any CPU
		{C71CCBE4-E59B-44DB-B904-BDEB507E1427}.Debug|x64.Build.0 = Debug|Any CPU
		{C71CCBE4-E59B-44DB-B904-BDEB507E1427}.Debug|x86.ActiveCfg = Debug|Any CPU
		{C71CCBE4-E59B-44DB-B904-BDEB507E1427}.Debug|x86.Build.0 = Debug|Any CPU
		{C71CCBE4-E59B-44DB-B904-BDEB507E1427}.Release|Any CPU.ActiveCfg = Release|Any CPU
		{C71CCBE4-E59B-44DB-B904-BDEB507E1427}.Release|Any CPU.Build.0 = Release|Any CPU
		{C71CCBE4-E59B-44DB-B904-BDEB507E1427}.Release|ARM.ActiveCfg = Release|Any CPU
		{C71CCBE4-E59B-44DB-B904-BDEB507E1427}.Release|ARM.Build.0 = Release|Any CPU
		{C71CCBE4-E59B-44DB-B904-BDEB507E1427}.Release|x64.ActiveCfg = Release|Any CPU
		{C71CCBE4-E59B-44DB-B904-BDEB507E1427}.Release|x64.Build.0 = Release|Any CPU
		{C71CCBE4-E59B-44DB-B904-BDEB507E1427}.Release|x86.ActiveCfg = Release|Any CPU
		{C71CCBE4-E59B-44DB-B904-BDEB507E1427}.Release|x86.Build.0 = Release|Any CPU
		{92291E19-19CF-4649-B053-61A75FD1937A}.Debug|Any CPU.ActiveCfg = Debug|Any CPU
		{92291E19-19CF-4649-B053-61A75FD1937A}.Debug|Any CPU.Build.0 = Debug|Any CPU
		{92291E19-19CF-4649-B053-61A75FD1937A}.Debug|ARM.ActiveCfg = Debug|Any CPU
		{92291E19-19CF-4649-B053-61A75FD1937A}.Debug|ARM.Build.0 = Debug|Any CPU
		{92291E19-19CF-4649-B053-61A75FD1937A}.Debug|x64.ActiveCfg = Debug|Any CPU
		{92291E19-19CF-4649-B053-61A75FD1937A}.Debug|x64.Build.0 = Debug|Any CPU
		{92291E19-19CF-4649-B053-61A75FD1937A}.Debug|x86.ActiveCfg = Debug|Any CPU
		{92291E19-19CF-4649-B053-61A75FD1937A}.Debug|x86.Build.0 = Debug|Any CPU
		{92291E19-19CF-4649-B053-61A75FD1937A}.Release|Any CPU.ActiveCfg = Release|Any CPU
		{92291E19-19CF-4649-B053-61A75FD1937A}.Release|Any CPU.Build.0 = Release|Any CPU
		{92291E19-19CF-4649-B053-61A75FD1937A}.Release|ARM.ActiveCfg = Release|Any CPU
		{92291E19-19CF-4649-B053-61A75FD1937A}.Release|ARM.Build.0 = Release|Any CPU
		{92291E19-19CF-4649-B053-61A75FD1937A}.Release|x64.ActiveCfg = Release|Any CPU
		{92291E19-19CF-4649-B053-61A75FD1937A}.Release|x64.Build.0 = Release|Any CPU
		{92291E19-19CF-4649-B053-61A75FD1937A}.Release|x86.ActiveCfg = Release|Any CPU
		{92291E19-19CF-4649-B053-61A75FD1937A}.Release|x86.Build.0 = Release|Any CPU
		{A6325DD1-1DA9-40C5-A671-58DA309EEDD6}.Debug|Any CPU.ActiveCfg = Debug|Any CPU
		{A6325DD1-1DA9-40C5-A671-58DA309EEDD6}.Debug|Any CPU.Build.0 = Debug|Any CPU
		{A6325DD1-1DA9-40C5-A671-58DA309EEDD6}.Debug|ARM.ActiveCfg = Debug|Any CPU
		{A6325DD1-1DA9-40C5-A671-58DA309EEDD6}.Debug|ARM.Build.0 = Debug|Any CPU
		{A6325DD1-1DA9-40C5-A671-58DA309EEDD6}.Debug|x64.ActiveCfg = Debug|Any CPU
		{A6325DD1-1DA9-40C5-A671-58DA309EEDD6}.Debug|x64.Build.0 = Debug|Any CPU
		{A6325DD1-1DA9-40C5-A671-58DA309EEDD6}.Debug|x86.ActiveCfg = Debug|Any CPU
		{A6325DD1-1DA9-40C5-A671-58DA309EEDD6}.Debug|x86.Build.0 = Debug|Any CPU
		{A6325DD1-1DA9-40C5-A671-58DA309EEDD6}.Release|Any CPU.ActiveCfg = Release|Any CPU
		{A6325DD1-1DA9-40C5-A671-58DA309EEDD6}.Release|Any CPU.Build.0 = Release|Any CPU
		{A6325DD1-1DA9-40C5-A671-58DA309EEDD6}.Release|ARM.ActiveCfg = Release|Any CPU
		{A6325DD1-1DA9-40C5-A671-58DA309EEDD6}.Release|ARM.Build.0 = Release|Any CPU
		{A6325DD1-1DA9-40C5-A671-58DA309EEDD6}.Release|x64.ActiveCfg = Release|Any CPU
		{A6325DD1-1DA9-40C5-A671-58DA309EEDD6}.Release|x64.Build.0 = Release|Any CPU
		{A6325DD1-1DA9-40C5-A671-58DA309EEDD6}.Release|x86.ActiveCfg = Release|Any CPU
		{A6325DD1-1DA9-40C5-A671-58DA309EEDD6}.Release|x86.Build.0 = Release|Any CPU
		{90A9EFA6-1D30-46AC-9375-FA59FD18099B}.Debug|Any CPU.ActiveCfg = Debug|Any CPU
		{90A9EFA6-1D30-46AC-9375-FA59FD18099B}.Debug|Any CPU.Build.0 = Debug|Any CPU
		{90A9EFA6-1D30-46AC-9375-FA59FD18099B}.Debug|ARM.ActiveCfg = Debug|Any CPU
		{90A9EFA6-1D30-46AC-9375-FA59FD18099B}.Debug|ARM.Build.0 = Debug|Any CPU
		{90A9EFA6-1D30-46AC-9375-FA59FD18099B}.Debug|x64.ActiveCfg = Debug|Any CPU
		{90A9EFA6-1D30-46AC-9375-FA59FD18099B}.Debug|x64.Build.0 = Debug|Any CPU
		{90A9EFA6-1D30-46AC-9375-FA59FD18099B}.Debug|x86.ActiveCfg = Debug|Any CPU
		{90A9EFA6-1D30-46AC-9375-FA59FD18099B}.Debug|x86.Build.0 = Debug|Any CPU
		{90A9EFA6-1D30-46AC-9375-FA59FD18099B}.Release|Any CPU.ActiveCfg = Release|Any CPU
		{90A9EFA6-1D30-46AC-9375-FA59FD18099B}.Release|Any CPU.Build.0 = Release|Any CPU
		{90A9EFA6-1D30-46AC-9375-FA59FD18099B}.Release|ARM.ActiveCfg = Release|Any CPU
		{90A9EFA6-1D30-46AC-9375-FA59FD18099B}.Release|ARM.Build.0 = Release|Any CPU
		{90A9EFA6-1D30-46AC-9375-FA59FD18099B}.Release|x64.ActiveCfg = Release|Any CPU
		{90A9EFA6-1D30-46AC-9375-FA59FD18099B}.Release|x64.Build.0 = Release|Any CPU
		{90A9EFA6-1D30-46AC-9375-FA59FD18099B}.Release|x86.ActiveCfg = Release|Any CPU
		{90A9EFA6-1D30-46AC-9375-FA59FD18099B}.Release|x86.Build.0 = Release|Any CPU
		{CCDD7B79-9BF1-4F3B-B21E-B422D1E894FA}.Debug|Any CPU.ActiveCfg = Debug|Any CPU
		{CCDD7B79-9BF1-4F3B-B21E-B422D1E894FA}.Debug|Any CPU.Build.0 = Debug|Any CPU
		{CCDD7B79-9BF1-4F3B-B21E-B422D1E894FA}.Debug|ARM.ActiveCfg = Debug|Any CPU
		{CCDD7B79-9BF1-4F3B-B21E-B422D1E894FA}.Debug|ARM.Build.0 = Debug|Any CPU
		{CCDD7B79-9BF1-4F3B-B21E-B422D1E894FA}.Debug|x64.ActiveCfg = Debug|Any CPU
		{CCDD7B79-9BF1-4F3B-B21E-B422D1E894FA}.Debug|x64.Build.0 = Debug|Any CPU
		{CCDD7B79-9BF1-4F3B-B21E-B422D1E894FA}.Debug|x86.ActiveCfg = Debug|Any CPU
		{CCDD7B79-9BF1-4F3B-B21E-B422D1E894FA}.Debug|x86.Build.0 = Debug|Any CPU
		{CCDD7B79-9BF1-4F3B-B21E-B422D1E894FA}.Release|Any CPU.ActiveCfg = Release|Any CPU
		{CCDD7B79-9BF1-4F3B-B21E-B422D1E894FA}.Release|Any CPU.Build.0 = Release|Any CPU
		{CCDD7B79-9BF1-4F3B-B21E-B422D1E894FA}.Release|ARM.ActiveCfg = Release|Any CPU
		{CCDD7B79-9BF1-4F3B-B21E-B422D1E894FA}.Release|ARM.Build.0 = Release|Any CPU
		{CCDD7B79-9BF1-4F3B-B21E-B422D1E894FA}.Release|x64.ActiveCfg = Release|Any CPU
		{CCDD7B79-9BF1-4F3B-B21E-B422D1E894FA}.Release|x64.Build.0 = Release|Any CPU
		{CCDD7B79-9BF1-4F3B-B21E-B422D1E894FA}.Release|x86.ActiveCfg = Release|Any CPU
		{CCDD7B79-9BF1-4F3B-B21E-B422D1E894FA}.Release|x86.Build.0 = Release|Any CPU
	EndGlobalSection
	GlobalSection(SolutionProperties) = preSolution
		HideSolutionNode = FALSE
	EndGlobalSection
	GlobalSection(ExtensibilityGlobals) = postSolution
		SolutionGuid = {215B272B-3E9F-4B27-8AF1-165DDF7F8B7C}
	EndGlobalSection
EndGlobal
